
Microsoft Visual Studio Solution File, Format Version 12.00
# Visual Studio Version 17
VisualStudioVersion = 17.0.31903.59
MinimumVisualStudioVersion = 10.0.40219.1
Project("{FAE04EC0-301F-11D3-BF4B-00C04F79EFBC}") = "ConsoleAppTest", "ConsoleAppTest\ConsoleAppTest.csproj", "{0756DA70-B9DF-474B-BA62-BD98E1713A41}"
EndProject
Project("{FAE04EC0-301F-11D3-BF4B-00C04F79EFBC}") = "ConsoleAppTest.Tests", "ConsoleAppTest.Tests\ConsoleAppTest.Tests.csproj", "{122BD1E2-2912-4204-8ADD-A566E7A1BC37}"
EndProject
Global
	GlobalSection(SolutionConfigurationPlatforms) = preSolution
		Debug|Any CPU = Debug|Any CPU
		Release|Any CPU = Release|Any CPU
	EndGlobalSection
	GlobalSection(SolutionProperties) = preSolution
		HideSolutionNode = FALSE
	EndGlobalSection
	GlobalSection(ProjectConfigurationPlatforms) = postSolution
		{0756DA70-B9DF-474B-BA62-BD98E1713A41}.Debug|Any CPU.ActiveCfg = Debug|Any CPU
		{0756DA70-B9DF-474B-BA62-BD98E1713A41}.Debug|Any CPU.Build.0 = Debug|Any CPU
		{0756DA70-B9DF-474B-BA62-BD98E1713A41}.Release|Any CPU.ActiveCfg = Release|Any CPU
		{0756DA70-B9DF-474B-BA62-BD98E1713A41}.Release|Any CPU.Build.0 = Release|Any CPU
		{122BD1E2-2912-4204-8ADD-A566E7A1BC37}.Debug|Any CPU.ActiveCfg = Debug|Any CPU
		{122BD1E2-2912-4204-8ADD-A566E7A1BC37}.Debug|Any CPU.Build.0 = Debug|Any CPU
		{122BD1E2-2912-4204-8ADD-A566E7A1BC37}.Release|Any CPU.ActiveCfg = Release|Any CPU
		{122BD1E2-2912-4204-8ADD-A566E7A1BC37}.Release|Any CPU.Build.0 = Release|Any CPU
	EndGlobalSection
EndGlobal
